// !$*UTF8*$!
{
	archiveVersion = 1;
	classes = {
	};
	objectVersion = 56;
	objects = {

/* Begin PBXBuildFile section */
		C6A15B2729B3CDB3005F4E39 /* AppDelegate.swift in Sources */ = {isa = PBXBuildFile; fileRef = C6A15B2629B3CDB3005F4E39 /* AppDelegate.swift */; };
		C6A15B2929B3CDB3005F4E39 /* SceneDelegate.swift in Sources */ = {isa = PBXBuildFile; fileRef = C6A15B2829B3CDB3005F4E39 /* SceneDelegate.swift */; };
		C6A15B2E29B3CDB3005F4E39 /* Main.storyboard in Resources */ = {isa = PBXBuildFile; fileRef = C6A15B2C29B3CDB3005F4E39 /* Main.storyboard */; };
		C6A15B3029B3CDB4005F4E39 /* Assets.xcassets in Resources */ = {isa = PBXBuildFile; fileRef = C6A15B2F29B3CDB4005F4E39 /* Assets.xcassets */; };
		C6A15B3329B3CDB4005F4E39 /* LaunchScreen.storyboard in Resources */ = {isa = PBXBuildFile; fileRef = C6A15B3129B3CDB4005F4E39 /* LaunchScreen.storyboard */; };
		C6A15B3E29B3CDB4005F4E39 /* Pet_Project_1Tests.swift in Sources */ = {isa = PBXBuildFile; fileRef = C6A15B3D29B3CDB4005F4E39 /* Pet_Project_1Tests.swift */; };
		C6A15B4829B3CDB4005F4E39 /* Pet_Project_1UITests.swift in Sources */ = {isa = PBXBuildFile; fileRef = C6A15B4729B3CDB4005F4E39 /* Pet_Project_1UITests.swift */; };
		C6A15B4A29B3CDB4005F4E39 /* Pet_Project_1UITestsLaunchTests.swift in Sources */ = {isa = PBXBuildFile; fileRef = C6A15B4929B3CDB4005F4E39 /* Pet_Project_1UITestsLaunchTests.swift */; };
		C6A15B5729B3D1F0005F4E39 /* TableViewController.swift in Sources */ = {isa = PBXBuildFile; fileRef = C6A15B5629B3D1F0005F4E39 /* TableViewController.swift */; };
		C6A15B5929B3D293005F4E39 /* Model.swift in Sources */ = {isa = PBXBuildFile; fileRef = C6A15B5829B3D293005F4E39 /* Model.swift */; };
/* End PBXBuildFile section */

/* Begin PBXContainerItemProxy section */
		C6A15B3A29B3CDB4005F4E39 /* PBXContainerItemProxy */ = {
			isa = PBXContainerItemProxy;
			containerPortal = C6A15B1B29B3CDB3005F4E39 /* Project object */;
			proxyType = 1;
			remoteGlobalIDString = C6A15B2229B3CDB3005F4E39;
			remoteInfo = Pet_Project_1;
		};
		C6A15B4429B3CDB4005F4E39 /* PBXContainerItemProxy */ = {
			isa = PBXContainerItemProxy;
			containerPortal = C6A15B1B29B3CDB3005F4E39 /* Project object */;
			proxyType = 1;
			remoteGlobalIDString = C6A15B2229B3CDB3005F4E39;
			remoteInfo = Pet_Project_1;
		};
/* End PBXContainerItemProxy section */

/* Begin PBXFileReference section */
		C6A15B2329B3CDB3005F4E39 /* Pet_Project_1.app */ = {isa = PBXFileReference; explicitFileType = wrapper.application; includeInIndex = 0; path = Pet_Project_1.app; sourceTree = BUILT_PRODUCTS_DIR; };
		C6A15B2629B3CDB3005F4E39 /* AppDelegate.swift */ = {isa = PBXFileReference; lastKnownFileType = sourcecode.swift; path = AppDelegate.swift; sourceTree = "<group>"; };
		C6A15B2829B3CDB3005F4E39 /* SceneDelegate.swift */ = {isa = PBXFileReference; lastKnownFileType = sourcecode.swift; path = SceneDelegate.swift; sourceTree = "<group>"; };
		C6A15B2D29B3CDB3005F4E39 /* Base */ = {isa = PBXFileReference; lastKnownFileType = file.storyboard; name = Base; path = Base.lproj/Main.storyboard; sourceTree = "<group>"; };
		C6A15B2F29B3CDB4005F4E39 /* Assets.xcassets */ = {isa = PBXFileReference; lastKnownFileType = folder.assetcatalog; path = Assets.xcassets; sourceTree = "<group>"; };
		C6A15B3229B3CDB4005F4E39 /* Base */ = {isa = PBXFileReference; lastKnownFileType = file.storyboard; name = Base; path = Base.lproj/LaunchScreen.storyboard; sourceTree = "<group>"; };
		C6A15B3429B3CDB4005F4E39 /* Info.plist */ = {isa = PBXFileReference; lastKnownFileType = text.plist.xml; path = Info.plist; sourceTree = "<group>"; };
		C6A15B3929B3CDB4005F4E39 /* Pet_Project_1Tests.xctest */ = {isa = PBXFileReference; explicitFileType = wrapper.cfbundle; includeInIndex = 0; path = Pet_Project_1Tests.xctest; sourceTree = BUILT_PRODUCTS_DIR; };
		C6A15B3D29B3CDB4005F4E39 /* Pet_Project_1Tests.swift */ = {isa = PBXFileReference; lastKnownFileType = sourcecode.swift; path = Pet_Project_1Tests.swift; sourceTree = "<group>"; };
		C6A15B4329B3CDB4005F4E39 /* Pet_Project_1UITests.xctest */ = {isa = PBXFileReference; explicitFileType = wrapper.cfbundle; includeInIndex = 0; path = Pet_Project_1UITests.xctest; sourceTree = BUILT_PRODUCTS_DIR; };
		C6A15B4729B3CDB4005F4E39 /* Pet_Project_1UITests.swift */ = {isa = PBXFileReference; lastKnownFileType = sourcecode.swift; path = Pet_Project_1UITests.swift; sourceTree = "<group>"; };
		C6A15B4929B3CDB4005F4E39 /* Pet_Project_1UITestsLaunchTests.swift */ = {isa = PBXFileReference; lastKnownFileType = sourcecode.swift; path = Pet_Project_1UITestsLaunchTests.swift; sourceTree = "<group>"; };
		C6A15B5629B3D1F0005F4E39 /* TableViewController.swift */ = {isa = PBXFileReference; lastKnownFileType = sourcecode.swift; path = TableViewController.swift; sourceTree = "<group>"; };
		C6A15B5829B3D293005F4E39 /* Model.swift */ = {isa = PBXFileReference; lastKnownFileType = sourcecode.swift; path = Model.swift; sourceTree = "<group>"; };
/* End PBXFileReference section */

/* Begin PBXFrameworksBuildPhase section */
		C6A15B2029B3CDB3005F4E39 /* Frameworks */ = {
			isa = PBXFrameworksBuildPhase;
			buildActionMask = 2147483647;
			files = (
			);
			runOnlyForDeploymentPostprocessing = 0;
		};
		C6A15B3629B3CDB4005F4E39 /* Frameworks */ = {
			isa = PBXFrameworksBuildPhase;
			buildActionMask = 2147483647;
			files = (
			);
			runOnlyForDeploymentPostprocessing = 0;
		};
		C6A15B4029B3CDB4005F4E39 /* Frameworks */ = {
			isa = PBXFrameworksBuildPhase;
			buildActionMask = 2147483647;
			files = (
			);
			runOnlyForDeploymentPostprocessing = 0;
		};
/* End PBXFrameworksBuildPhase section */

/* Begin PBXGroup section */
		C6A15B1A29B3CDB3005F4E39 = {
			isa = PBXGroup;
			children = (
				C6A15B2529B3CDB3005F4E39 /* Pet_Project_1 */,
				C6A15B3C29B3CDB4005F4E39 /* Pet_Project_1Tests */,
				C6A15B4629B3CDB4005F4E39 /* Pet_Project_1UITests */,
				C6A15B2429B3CDB3005F4E39 /* Products */,
			);
			sourceTree = "<group>";
		};
		C6A15B2429B3CDB3005F4E39 /* Products */ = {
			isa = PBXGroup;
			children = (
				C6A15B2329B3CDB3005F4E39 /* Pet_Project_1.app */,
				C6A15B3929B3CDB4005F4E39 /* Pet_Project_1Tests.xctest */,
				C6A15B4329B3CDB4005F4E39 /* Pet_Project_1UITests.xctest */,
			);
			name = Products;
			sourceTree = "<group>";
		};
		C6A15B2529B3CDB3005F4E39 /* Pet_Project_1 */ = {
			isa = PBXGroup;
			children = (
				C6A15B2629B3CDB3005F4E39 /* AppDelegate.swift */,
				C6A15B5829B3D293005F4E39 /* Model.swift */,
				C6A15B5629B3D1F0005F4E39 /* TableViewController.swift */,
				C6A15B2829B3CDB3005F4E39 /* SceneDelegate.swift */,
				C6A15B2C29B3CDB3005F4E39 /* Main.storyboard */,
				C6A15B2F29B3CDB4005F4E39 /* Assets.xcassets */,
				C6A15B3129B3CDB4005F4E39 /* LaunchScreen.storyboard */,
				C6A15B3429B3CDB4005F4E39 /* Info.plist */,
			);
			path = Pet_Project_1;
			sourceTree = "<group>";
		};
		C6A15B3C29B3CDB4005F4E39 /* Pet_Project_1Tests */ = {
			isa = PBXGroup;
			children = (
				C6A15B3D29B3CDB4005F4E39 /* Pet_Project_1Tests.swift */,
			);
			path = Pet_Project_1Tests;
			sourceTree = "<group>";
		};
		C6A15B4629B3CDB4005F4E39 /* Pet_Project_1UITests */ = {
			isa = PBXGroup;
			children = (
				C6A15B4729B3CDB4005F4E39 /* Pet_Project_1UITests.swift */,
				C6A15B4929B3CDB4005F4E39 /* Pet_Project_1UITestsLaunchTests.swift */,
			);
			path = Pet_Project_1UITests;
			sourceTree = "<group>";
		};
/* End PBXGroup section */

/* Begin PBXNativeTarget section */
		C6A15B2229B3CDB3005F4E39 /* Pet_Project_1 */ = {
			isa = PBXNativeTarget;
			buildConfigurationList = C6A15B4D29B3CDB4005F4E39 /* Build configuration list for PBXNativeTarget "Pet_Project_1" */;
			buildPhases = (
				C6A15B1F29B3CDB3005F4E39 /* Sources */,
				C6A15B2029B3CDB3005F4E39 /* Frameworks */,
				C6A15B2129B3CDB3005F4E39 /* Resources */,
			);
			buildRules = (
			);
			dependencies = (
			);
			name = Pet_Project_1;
			productName = Pet_Project_1;
			productReference = C6A15B2329B3CDB3005F4E39 /* Pet_Project_1.app */;
			productType = "com.apple.product-type.application";
		};
		C6A15B3829B3CDB4005F4E39 /* Pet_Project_1Tests */ = {
			isa = PBXNativeTarget;
			buildConfigurationList = C6A15B5029B3CDB4005F4E39 /* Build configuration list for PBXNativeTarget "Pet_Project_1Tests" */;
			buildPhases = (
				C6A15B3529B3CDB4005F4E39 /* Sources */,
				C6A15B3629B3CDB4005F4E39 /* Frameworks */,
				C6A15B3729B3CDB4005F4E39 /* Resources */,
			);
			buildRules = (
			);
			dependencies = (
				C6A15B3B29B3CDB4005F4E39 /* PBXTargetDependency */,
			);
			name = Pet_Project_1Tests;
			productName = Pet_Project_1Tests;
			productReference = C6A15B3929B3CDB4005F4E39 /* Pet_Project_1Tests.xctest */;
			productType = "com.apple.product-type.bundle.unit-test";
		};
		C6A15B4229B3CDB4005F4E39 /* Pet_Project_1UITests */ = {
			isa = PBXNativeTarget;
			buildConfigurationList = C6A15B5329B3CDB4005F4E39 /* Build configuration list for PBXNativeTarget "Pet_Project_1UITests" */;
			buildPhases = (
				C6A15B3F29B3CDB4005F4E39 /* Sources */,
				C6A15B4029B3CDB4005F4E39 /* Frameworks */,
				C6A15B4129B3CDB4005F4E39 /* Resources */,
			);
			buildRules = (
			);
			dependencies = (
				C6A15B4529B3CDB4005F4E39 /* PBXTargetDependency */,
			);
			name = Pet_Project_1UITests;
			productName = Pet_Project_1UITests;
			productReference = C6A15B4329B3CDB4005F4E39 /* Pet_Project_1UITests.xctest */;
			productType = "com.apple.product-type.bundle.ui-testing";
		};
/* End PBXNativeTarget section */

/* Begin PBXProject section */
		C6A15B1B29B3CDB3005F4E39 /* Project object */ = {
			isa = PBXProject;
			attributes = {
				BuildIndependentTargetsInParallel = 1;
				LastSwiftUpdateCheck = 1420;
				LastUpgradeCheck = 1420;
				TargetAttributes = {
					C6A15B2229B3CDB3005F4E39 = {
						CreatedOnToolsVersion = 14.2;
					};
					C6A15B3829B3CDB4005F4E39 = {
						CreatedOnToolsVersion = 14.2;
						TestTargetID = C6A15B2229B3CDB3005F4E39;
					};
					C6A15B4229B3CDB4005F4E39 = {
						CreatedOnToolsVersion = 14.2;
						TestTargetID = C6A15B2229B3CDB3005F4E39;
					};
				};
			};
			buildConfigurationList = C6A15B1E29B3CDB3005F4E39 /* Build configuration list for PBXProject "Pet_Project_1" */;
			compatibilityVersion = "Xcode 14.0";
			developmentRegion = en;
			hasScannedForEncodings = 0;
			knownRegions = (
				en,
				Base,
			);
			mainGroup = C6A15B1A29B3CDB3005F4E39;
			productRefGroup = C6A15B2429B3CDB3005F4E39 /* Products */;
			projectDirPath = "";
			projectRoot = "";
			targets = (
				C6A15B2229B3CDB3005F4E39 /* Pet_Project_1 */,
				C6A15B3829B3CDB4005F4E39 /* Pet_Project_1Tests */,
				C6A15B4229B3CDB4005F4E39 /* Pet_Project_1UITests */,
			);
		};
/* End PBXProject section */

/* Begin PBXResourcesBuildPhase section */
		C6A15B2129B3CDB3005F4E39 /* Resources */ = {
			isa = PBXResourcesBuildPhase;
			buildActionMask = 2147483647;
			files = (
				C6A15B3329B3CDB4005F4E39 /* LaunchScreen.storyboard in Resources */,
				C6A15B3029B3CDB4005F4E39 /* Assets.xcassets in Resources */,
				C6A15B2E29B3CDB3005F4E39 /* Main.storyboard in Resources */,
			);
			runOnlyForDeploymentPostprocessing = 0;
		};
		C6A15B3729B3CDB4005F4E39 /* Resources */ = {
			isa = PBXResourcesBuildPhase;
			buildActionMask = 2147483647;
			files = (
			);
			runOnlyForDeploymentPostprocessing = 0;
		};
		C6A15B4129B3CDB4005F4E39 /* Resources */ = {
			isa = PBXResourcesBuildPhase;
			buildActionMask = 2147483647;
			files = (
			);
			runOnlyForDeploymentPostprocessing = 0;
		};
/* End PBXResourcesBuildPhase section */

/* Begin PBXSourcesBuildPhase section */
		C6A15B1F29B3CDB3005F4E39 /* Sources */ = {
			isa = PBXSourcesBuildPhase;
			buildActionMask = 2147483647;
			files = (
				C6A15B2729B3CDB3005F4E39 /* AppDelegate.swift in Sources */,
				C6A15B5729B3D1F0005F4E39 /* TableViewController.swift in Sources */,
				C6A15B2929B3CDB3005F4E39 /* SceneDelegate.swift in Sources */,
				C6A15B5929B3D293005F4E39 /* Model.swift in Sources */,
			);
			runOnlyForDeploymentPostprocessing = 0;
		};
		C6A15B3529B3CDB4005F4E39 /* Sources */ = {
			isa = PBXSourcesBuildPhase;
			buildActionMask = 2147483647;
			files = (
				C6A15B3E29B3CDB4005F4E39 /* Pet_Project_1Tests.swift in Sources */,
			);
			runOnlyForDeploymentPostprocessing = 0;
		};
		C6A15B3F29B3CDB4005F4E39 /* Sources */ = {
			isa = PBXSourcesBuildPhase;
			buildActionMask = 2147483647;
			files = (
				C6A15B4A29B3CDB4005F4E39 /* Pet_Project_1UITestsLaunchTests.swift in Sources */,
				C6A15B4829B3CDB4005F4E39 /* Pet_Project_1UITests.swift in Sources */,
			);
			runOnlyForDeploymentPostprocessing = 0;
		};
/* End PBXSourcesBuildPhase section */

/* Begin PBXTargetDependency section */
		C6A15B3B29B3CDB4005F4E39 /* PBXTargetDependency */ = {
			isa = PBXTargetDependency;
			target = C6A15B2229B3CDB3005F4E39 /* Pet_Project_1 */;
			targetProxy = C6A15B3A29B3CDB4005F4E39 /* PBXContainerItemProxy */;
		};
		C6A15B4529B3CDB4005F4E39 /* PBXTargetDependency */ = {
			isa = PBXTargetDependency;
			target = C6A15B2229B3CDB3005F4E39 /* Pet_Project_1 */;
			targetProxy = C6A15B4429B3CDB4005F4E39 /* PBXContainerItemProxy */;
		};
/* End PBXTargetDependency section */

/* Begin PBXVariantGroup section */
		C6A15B2C29B3CDB3005F4E39 /* Main.storyboard */ = {
			isa = PBXVariantGroup;
			children = (
				C6A15B2D29B3CDB3005F4E39 /* Base */,
			);
			name = Main.storyboard;
			sourceTree = "<group>";
		};
		C6A15B3129B3CDB4005F4E39 /* LaunchScreen.storyboard */ = {
			isa = PBXVariantGroup;
			children = (
				C6A15B3229B3CDB4005F4E39 /* Base */,
			);
			name = LaunchScreen.storyboard;
			sourceTree = "<group>";
		};
/* End PBXVariantGroup section */

/* Begin XCBuildConfiguration section */
		C6A15B4B29B3CDB4005F4E39 /* Debug */ = {
			isa = XCBuildConfiguration;
			buildSettings = {
				ALWAYS_SEARCH_USER_PATHS = NO;
				CLANG_ANALYZER_NONNULL = YES;
				CLANG_ANALYZER_NUMBER_OBJECT_CONVERSION = YES_AGGRESSIVE;
				CLANG_CXX_LANGUAGE_STANDARD = "gnu++20";
				CLANG_ENABLE_MODULES = YES;
				CLANG_ENABLE_OBJC_ARC = YES;
				CLANG_ENABLE_OBJC_WEAK = YES;
				CLANG_WARN_BLOCK_CAPTURE_AUTORELEASING = YES;
				CLANG_WARN_BOOL_CONVERSION = YES;
				CLANG_WARN_COMMA = YES;
				CLANG_WARN_CONSTANT_CONVERSION = YES;
				CLANG_WARN_DEPRECATED_OBJC_IMPLEMENTATIONS = YES;
				CLANG_WARN_DIRECT_OBJC_ISA_USAGE = YES_ERROR;
				CLANG_WARN_DOCUMENTATION_COMMENTS = YES;
				CLANG_WARN_EMPTY_BODY = YES;
				CLANG_WARN_ENUM_CONVERSION = YES;
				CLANG_WARN_INFINITE_RECURSION = YES;
				CLANG_WARN_INT_CONVERSION = YES;
				CLANG_WARN_NON_LITERAL_NULL_CONVERSION = YES;
				CLANG_WARN_OBJC_IMPLICIT_RETAIN_SELF = YES;
				CLANG_WARN_OBJC_LITERAL_CONVERSION = YES;
				CLANG_WARN_OBJC_ROOT_CLASS = YES_ERROR;
				CLANG_WARN_QUOTED_INCLUDE_IN_FRAMEWORK_HEADER = YES;
				CLANG_WARN_RANGE_LOOP_ANALYSIS = YES;
				CLANG_WARN_STRICT_PROTOTYPES = YES;
				CLANG_WARN_SUSPICIOUS_MOVE = YES;
				CLANG_WARN_UNGUARDED_AVAILABILITY = YES_AGGRESSIVE;
				CLANG_WARN_UNREACHABLE_CODE = YES;
				CLANG_WARN__DUPLICATE_METHOD_MATCH = YES;
				COPY_PHASE_STRIP = NO;
				DEBUG_INFORMATION_FORMAT = dwarf;
				ENABLE_STRICT_OBJC_MSGSEND = YES;
				ENABLE_TESTABILITY = YES;
				GCC_C_LANGUAGE_STANDARD = gnu11;
				GCC_DYNAMIC_NO_PIC = NO;
				GCC_NO_COMMON_BLOCKS = YES;
				GCC_OPTIMIZATION_LEVEL = 0;
				GCC_PREPROCESSOR_DEFINITIONS = (
					"DEBUG=1",
					"$(inherited)",
				);
				GCC_WARN_64_TO_32_BIT_CONVERSION = YES;
				GCC_WARN_ABOUT_RETURN_TYPE = YES_ERROR;
				GCC_WARN_UNDECLARED_SELECTOR = YES;
				GCC_WARN_UNINITIALIZED_AUTOS = YES_AGGRESSIVE;
				GCC_WARN_UNUSED_FUNCTION = YES;
				GCC_WARN_UNUSED_VARIABLE = YES;
				IPHONEOS_DEPLOYMENT_TARGET = 16.2;
				MTL_ENABLE_DEBUG_INFO = INCLUDE_SOURCE;
				MTL_FAST_MATH = YES;
				ONLY_ACTIVE_ARCH = YES;
				SDKROOT = iphoneos;
				SWIFT_ACTIVE_COMPILATION_CONDITIONS = DEBUG;
				SWIFT_OPTIMIZATION_LEVEL = "-Onone";
			};
			name = Debug;
		};
		C6A15B4C29B3CDB4005F4E39 /* Release */ = {
			isa = XCBuildConfiguration;
			buildSettings = {
				ALWAYS_SEARCH_USER_PATHS = NO;
				CLANG_ANALYZER_NONNULL = YES;
				CLANG_ANALYZER_NUMBER_OBJECT_CONVERSION = YES_AGGRESSIVE;
				CLANG_CXX_LANGUAGE_STANDARD = "gnu++20";
				CLANG_ENABLE_MODULES = YES;
				CLANG_ENABLE_OBJC_ARC = YES;
				CLANG_ENABLE_OBJC_WEAK = YES;
				CLANG_WARN_BLOCK_CAPTURE_AUTORELEASING = YES;
				CLANG_WARN_BOOL_CONVERSION = YES;
				CLANG_WARN_COMMA = YES;
				CLANG_WARN_CONSTANT_CONVERSION = YES;
				CLANG_WARN_DEPRECATED_OBJC_IMPLEMENTATIONS = YES;
				CLANG_WARN_DIRECT_OBJC_ISA_USAGE = YES_ERROR;
				CLANG_WARN_DOCUMENTATION_COMMENTS = YES;
				CLANG_WARN_EMPTY_BODY = YES;
				CLANG_WARN_ENUM_CONVERSION = YES;
				CLANG_WARN_INFINITE_RECURSION = YES;
				CLANG_WARN_INT_CONVERSION = YES;
				CLANG_WARN_NON_LITERAL_NULL_CONVERSION = YES;
				CLANG_WARN_OBJC_IMPLICIT_RETAIN_SELF = YES;
				CLANG_WARN_OBJC_LITERAL_CONVERSION = YES;
				CLANG_WARN_OBJC_ROOT_CLASS = YES_ERROR;
				CLANG_WARN_QUOTED_INCLUDE_IN_FRAMEWORK_HEADER = YES;
				CLANG_WARN_RANGE_LOOP_ANALYSIS = YES;
				CLANG_WARN_STRICT_PROTOTYPES = YES;
				CLANG_WARN_SUSPICIOUS_MOVE = YES;
				CLANG_WARN_UNGUARDED_AVAILABILITY = YES_AGGRESSIVE;
				CLANG_WARN_UNREACHABLE_CODE = YES;
				CLANG_WARN__DUPLICATE_METHOD_MATCH = YES;
				COPY_PHASE_STRIP = NO;
				DEBUG_INFORMATION_FORMAT = "dwarf-with-dsym";
				ENABLE_NS_ASSERTIONS = NO;
				ENABLE_STRICT_OBJC_MSGSEND = YES;
				GCC_C_LANGUAGE_STANDARD = gnu11;
				GCC_NO_COMMON_BLOCKS = YES;
				GCC_WARN_64_TO_32_BIT_CONVERSION = YES;
				GCC_WARN_ABOUT_RETURN_TYPE = YES_ERROR;
				GCC_WARN_UNDECLARED_SELECTOR = YES;
				GCC_WARN_UNINITIALIZED_AUTOS = YES_AGGRESSIVE;
				GCC_WARN_UNUSED_FUNCTION = YES;
				GCC_WARN_UNUSED_VARIABLE = YES;
				IPHONEOS_DEPLOYMENT_TARGET = 16.2;
				MTL_ENABLE_DEBUG_INFO = NO;
				MTL_FAST_MATH = YES;
				SDKROOT = iphoneos;
				SWIFT_COMPILATION_MODE = wholemodule;
				SWIFT_OPTIMIZATION_LEVEL = "-O";
				VALIDATE_PRODUCT = YES;
			};
			name = Release;
		};
		C6A15B4E29B3CDB4005F4E39 /* Debug */ = {
			isa = XCBuildConfiguration;
			buildSettings = {
				ASSETCATALOG_COMPILER_APPICON_NAME = AppIcon;
				ASSETCATALOG_COMPILER_GLOBAL_ACCENT_COLOR_NAME = AccentColor;
				CODE_SIGN_STYLE = Automatic;
				CURRENT_PROJECT_VERSION = 1;
				GENERATE_INFOPLIST_FILE = YES;
				INFOPLIST_FILE = Pet_Project_1/Info.plist;
				INFOPLIST_KEY_UIApplicationSupportsIndirectInputEvents = YES;
				INFOPLIST_KEY_UILaunchStoryboardName = LaunchScreen;
				INFOPLIST_KEY_UIMainStoryboardFile = Main;
				INFOPLIST_KEY_UISupportedInterfaceOrientations_iPad = "UIInterfaceOrientationPortrait UIInterfaceOrientationPortraitUpsideDown UIInterfaceOrientationLandscapeLeft UIInterfaceOrientationLandscapeRight";
				INFOPLIST_KEY_UISupportedInterfaceOrientations_iPhone = "UIInterfaceOrientationPortrait UIInterfaceOrientationLandscapeLeft UIInterfaceOrientationLandscapeRight";
				LD_RUNPATH_SEARCH_PATHS = (
					"$(inherited)",
					"@executable_path/Frameworks",
				);
				MARKETING_VERSION = 1.0;
				PRODUCT_BUNDLE_IDENTIFIER = "com.liza.Ex.Pet-Project-1";
				PRODUCT_NAME = "$(TARGET_NAME)";
				SWIFT_EMIT_LOC_STRINGS = YES;
				SWIFT_VERSION = 5.0;
				TARGETED_DEVICE_FAMILY = "1,2";
			};
			name = Debug;
		};
		C6A15B4F29B3CDB4005F4E39 /* Release */ = {
			isa = XCBuildConfiguration;
			buildSettings = {
				ASSETCATALOG_COMPILER_APPICON_NAME = AppIcon;
				ASSETCATALOG_COMPILER_GLOBAL_ACCENT_COLOR_NAME = AccentColor;
				CODE_SIGN_STYLE = Automatic;
				CURRENT_PROJECT_VERSION = 1;
				GENERATE_INFOPLIST_FILE = YES;
				INFOPLIST_FILE = Pet_Project_1/Info.plist;
				INFOPLIST_KEY_UIApplicationSupportsIndirectInputEvents = YES;
				INFOPLIST_KEY_UILaunchStoryboardName = LaunchScreen;
				INFOPLIST_KEY_UIMainStoryboardFile = Main;
				INFOPLIST_KEY_UISupportedInterfaceOrientations_iPad = "UIInterfaceOrientationPortrait UIInterfaceOrientationPortraitUpsideDown UIInterfaceOrientationLandscapeLeft UIInterfaceOrientationLandscapeRight";
				INFOPLIST_KEY_UISupportedInterfaceOrientations_iPhone = "UIInterfaceOrientationPortrait UIInterfaceOrientationLandscapeLeft UIInterfaceOrientationLandscapeRight";
				LD_RUNPATH_SEARCH_PATHS = (
					"$(inherited)",
					"@executable_path/Frameworks",
				);
				MARKETING_VERSION = 1.0;
				PRODUCT_BUNDLE_IDENTIFIER = "com.liza.Ex.Pet-Project-1";
				PRODUCT_NAME = "$(TARGET_NAME)";
				SWIFT_EMIT_LOC_STRINGS = YES;
				SWIFT_VERSION = 5.0;
				TARGETED_DEVICE_FAMILY = "1,2";
			};
			name = Release;
		};
		C6A15B5129B3CDB4005F4E39 /* Debug */ = {
			isa = XCBuildConfiguration;
			buildSettings = {
				ALWAYS_EMBED_SWIFT_STANDARD_LIBRARIES = YES;
				BUNDLE_LOADER = "$(TEST_HOST)";
				CODE_SIGN_STYLE = Automatic;
				CURRENT_PROJECT_VERSION = 1;
				GENERATE_INFOPLIST_FILE = YES;
				IPHONEOS_DEPLOYMENT_TARGET = 16.2;
				MARKETING_VERSION = 1.0;
				PRODUCT_BUNDLE_IDENTIFIER = "com.liza.Ex.Pet-Project-1Tests";
				PRODUCT_NAME = "$(TARGET_NAME)";
				SWIFT_EMIT_LOC_STRINGS = NO;
				SWIFT_VERSION = 5.0;
				TARGETED_DEVICE_FAMILY = "1,2";
				TEST_HOST = "$(BUILT_PRODUCTS_DIR)/Pet_Project_1.app/$(BUNDLE_EXECUTABLE_FOLDER_PATH)/Pet_Project_1";
			};
			name = Debug;
		};
		C6A15B5229B3CDB4005F4E39 /* Release */ = {
			isa = XCBuildConfiguration;
			buildSettings = {
				ALWAYS_EMBED_SWIFT_STANDARD_LIBRARIES = YES;
				BUNDLE_LOADER = "$(TEST_HOST)";
				CODE_SIGN_STYLE = Automatic;
				CURRENT_PROJECT_VERSION = 1;
				GENERATE_INFOPLIST_FILE = YES;
				IPHONEOS_DEPLOYMENT_TARGET = 16.2;
				MARKETING_VERSION = 1.0;
				PRODUCT_BUNDLE_IDENTIFIER = "com.liza.Ex.Pet-Project-1Tests";
				PRODUCT_NAME = "$(TARGET_NAME)";
				SWIFT_EMIT_LOC_STRINGS = NO;
				SWIFT_VERSION = 5.0;
				TARGETED_DEVICE_FAMILY = "1,2";
				TEST_HOST = "$(BUILT_PRODUCTS_DIR)/Pet_Project_1.app/$(BUNDLE_EXECUTABLE_FOLDER_PATH)/Pet_Project_1";
			};
			name = Release;
		};
		C6A15B5429B3CDB4005F4E39 /* Debug */ = {
			isa = XCBuildConfiguration;
			buildSettings = {
				ALWAYS_EMBED_SWIFT_STANDARD_LIBRARIES = YES;
				CODE_SIGN_STYLE = Automatic;
				CURRENT_PROJECT_VERSION = 1;
				GENERATE_INFOPLIST_FILE = YES;
				MARKETING_VERSION = 1.0;
				PRODUCT_BUNDLE_IDENTIFIER = "com.liza.Ex.Pet-Project-1UITests";
				PRODUCT_NAME = "$(TARGET_NAME)";
				SWIFT_EMIT_LOC_STRINGS = NO;
				SWIFT_VERSION = 5.0;
				TARGETED_DEVICE_FAMILY = "1,2";
				TEST_TARGET_NAME = Pet_Project_1;
			};
			name = Debug;
		};
		C6A15B5529B3CDB4005F4E39 /* Release */ = {
			isa = XCBuildConfiguration;
			buildSettings = {
				ALWAYS_EMBED_SWIFT_STANDARD_LIBRARIES = YES;
				CODE_SIGN_STYLE = Automatic;
				CURRENT_PROJECT_VERSION = 1;
				GENERATE_INFOPLIST_FILE = YES;
				MARKETING_VERSION = 1.0;
				PRODUCT_BUNDLE_IDENTIFIER = "com.liza.Ex.Pet-Project-1UITests";
				PRODUCT_NAME = "$(TARGET_NAME)";
				SWIFT_EMIT_LOC_STRINGS = NO;
				SWIFT_VERSION = 5.0;
				TARGETED_DEVICE_FAMILY = "1,2";
				TEST_TARGET_NAME = Pet_Project_1;
			};
			name = Release;
		};
/* End XCBuildConfiguration section */

/* Begin XCConfigurationList section */
		C6A15B1E29B3CDB3005F4E39 /* Build configuration list for PBXProject "Pet_Project_1" */ = {
			isa = XCConfigurationList;
			buildConfigurations = (
				C6A15B4B29B3CDB4005F4E39 /* Debug */,
				C6A15B4C29B3CDB4005F4E39 /* Release */,
			);
			defaultConfigurationIsVisible = 0;
			defaultConfigurationName = Release;
		};
		C6A15B4D29B3CDB4005F4E39 /* Build configuration list for PBXNativeTarget "Pet_Project_1" */ = {
			isa = XCConfigurationList;
			buildConfigurations = (
				C6A15B4E29B3CDB4005F4E39 /* Debug */,
				C6A15B4F29B3CDB4005F4E39 /* Release */,
			);
			defaultConfigurationIsVisible = 0;
			defaultConfigurationName = Release;
		};
		C6A15B5029B3CDB4005F4E39 /* Build configuration list for PBXNativeTarget "Pet_Project_1Tests" */ = {
			isa = XCConfigurationList;
			buildConfigurations = (
				C6A15B5129B3CDB4005F4E39 /* Debug */,
				C6A15B5229B3CDB4005F4E39 /* Release */,
			);
			defaultConfigurationIsVisible = 0;
			defaultConfigurationName = Release;
		};
		C6A15B5329B3CDB4005F4E39 /* Build configuration list for PBXNativeTarget "Pet_Project_1UITests" */ = {
			isa = XCConfigurationList;
			buildConfigurations = (
				C6A15B5429B3CDB4005F4E39 /* Debug */,
				C6A15B5529B3CDB4005F4E39 /* Release */,
			);
			defaultConfigurationIsVisible = 0;
			defaultConfigurationName = Release;
		};
/* End XCConfigurationList section */
	};
	rootObject = C6A15B1B29B3CDB3005F4E39 /* Project object */;
}
